
Microsoft Visual Studio Solution File, Format Version 12.00
# Visual Studio Version 16
VisualStudioVersion = 16.6.30114.105
MinimumVisualStudioVersion = 10.0.40219.1
Project("{9A19103F-16F7-4668-BE54-9A1E7A4F7556}") = "R5T.D0096.Base", "R5T.D0096.Base\R5T.D0096.Base.csproj", "{7287E00A-77BD-40D6-8E37-6B9230779D17}"
EndProject
Project("{2150E333-8FDC-42A3-9474-1A3956D46DE8}") = "_Dependencies", "_Dependencies", "{97F7098D-939F-4893-A82D-07B54348C72E}"
EndProject
Project("{9A19103F-16F7-4668-BE54-9A1E7A4F7556}") = "R5T.D0096.I001", "R5T.D0096.I001\R5T.D0096.I001.csproj", "{F554CF88-0B74-4AF4-B0B0-440E64546856}"
EndProject
Project("{9A19103F-16F7-4668-BE54-9A1E7A4F7556}") = "R5T.T0064", "..\..\R5T.T0064\source\R5T.T0064\R5T.T0064.csproj", "{DD764F38-17E1-46EC-BCCD-1A210C48C8FF}"
EndProject
Project("{9A19103F-16F7-4668-BE54-9A1E7A4F7556}") = "R5T.T0062.X001", "..\..\R5T.T0062\source\R5T.T0062.X001\R5T.T0062.X001.csproj", "{80914986-49AB-48F9-A2D0-AD2D9EEE5E64}"
EndProject
Project("{9A19103F-16F7-4668-BE54-9A1E7A4F7556}") = "R5T.T0063", "..\..\R5T.T0063\source\R5T.T0063\R5T.T0063.csproj", "{B2768934-88C6-4EB0-A467-8736B122DF06}"
EndProject
Project("{9A19103F-16F7-4668-BE54-9A1E7A4F7556}") = "R5T.L0013", "..\..\R5T.L0013\source\R5T.L0013\R5T.L0013.csproj", "{74BC79E1-A17F-421B-8151-F26607F72595}"
EndProject
Project("{9A19103F-16F7-4668-BE54-9A1E7A4F7556}") = "R5T.T0062", "..\..\R5T.T0062\source\R5T.T0062\R5T.T0062.csproj", "{36E6C128-02C5-497F-87B0-26452A78A21D}"
EndProject
Project("{9A19103F-16F7-4668-BE54-9A1E7A4F7556}") = "R5T.T0039.T002", "..\..\R5T.T0039\source\R5T.T0039.T002\R5T.T0039.T002.csproj", "{9694CE7B-CD4C-4CE4-ADE7-B03D1F3F8E88}"
EndProject
Project("{9A19103F-16F7-4668-BE54-9A1E7A4F7556}") = "R5T.D0096.D001.Base", "R5T.D0096.D001.Base\R5T.D0096.D001.Base.csproj", "{BC1E758D-F325-469F-873B-C54A1B26178E}"
EndProject
Project("{9A19103F-16F7-4668-BE54-9A1E7A4F7556}") = "R5T.Magyar", "..\..\R5T.Magyar\source\R5T.Magyar\R5T.Magyar.csproj", "{4C294E38-F5F8-43B7-AC96-179338255ED5}"
EndProject
Project("{9A19103F-16F7-4668-BE54-9A1E7A4F7556}") = "R5T.D0096.D001.I002", "R5T.D0096.D001.I002\R5T.D0096.D001.I002.csproj", "{A6609786-3D41-4B2D-9D70-BA32685B31AA}"
EndProject
Project("{9A19103F-16F7-4668-BE54-9A1E7A4F7556}") = "R5T.D0081.Base", "..\..\R5T.D0081\source\R5T.D0081.Base\R5T.D0081.Base.csproj", "{9929B03E-B34F-4E9B-8C33-D9B4E658E269}"
EndProject
Project("{9A19103F-16F7-4668-BE54-9A1E7A4F7556}") = "R5T.D0096.D002.Base", "R5T.D0096.D002.Base\R5T.D0096.D002.Base.csproj", "{277113C3-8884-48BB-B250-E39106885002}"
EndProject
Project("{9A19103F-16F7-4668-BE54-9A1E7A4F7556}") = "R5T.D0096.T001", "R5T.D0096.T001\R5T.D0096.T001.csproj", "{716D7C6F-0249-448C-BC8C-30D78660E80E}"
EndProject
Project("{9A19103F-16F7-4668-BE54-9A1E7A4F7556}") = "R5T.D0096.D003.Base", "R5T.D0096.D003.Base\R5T.D0096.D003.Base.csproj", "{38C5A395-E6C8-4CCA-8D9A-59122A7E1666}"
EndProject
Project("{9A19103F-16F7-4668-BE54-9A1E7A4F7556}") = "R5T.D0096.D003.I001", "R5T.D0096.D003.I001\R5T.D0096.D003.I001.csproj", "{45F4441A-791A-41D2-93D1-F85559D1A1C8}"
EndProject
Project("{9A19103F-16F7-4668-BE54-9A1E7A4F7556}") = "R5T.D0096.X001", "R5T.D0096.X001\R5T.D0096.X001.csproj", "{7A7E31DB-B441-443B-A840-F5EBD042EA66}"
EndProject
Project("{9A19103F-16F7-4668-BE54-9A1E7A4F7556}") = "R5T.D0096.D002.I002", "R5T.D0096.D002.I002\R5T.D0096.D002.I002.csproj", "{5D632D40-F08C-4504-93CC-E71075B18E45}"
EndProject
Project("{9A19103F-16F7-4668-BE54-9A1E7A4F7556}") = "R5T.T0088.X003", "..\..\R5T.T0088\source\R5T.T0088.X003\R5T.T0088.X003.csproj", "{C0394C15-FE70-4D2E-8183-CF7217235237}"
EndProject
Project("{9A19103F-16F7-4668-BE54-9A1E7A4F7556}") = "R5T.D0096.D002.I003", "R5T.D0096.D002.I003\R5T.D0096.D002.I003.csproj", "{7ABA9E94-A342-47ED-B5B6-1C7E32C90FDB}"
EndProject
Project("{9A19103F-16F7-4668-BE54-9A1E7A4F7556}") = "R5T.D0096.D003.I002", "R5T.D0096.D003.I002\R5T.D0096.D003.I002.csproj", "{21D6175D-3748-4223-AF73-1F85AE4C1C0A}"
EndProject
Project("{9A19103F-16F7-4668-BE54-9A1E7A4F7556}") = "R5T.D0048.Base", "..\..\R5T.D0048\source\R5T.D0048.Base\R5T.D0048.Base.csproj", "{C608F5E9-4111-4830-B828-0E2CBE704EEF}"
EndProject
Global
	GlobalSection(SolutionConfigurationPlatforms) = preSolution
		Debug|Any CPU = Debug|Any CPU
		Debug|x64 = Debug|x64
		Debug|x86 = Debug|x86
		Release|Any CPU = Release|Any CPU
		Release|x64 = Release|x64
		Release|x86 = Release|x86
	EndGlobalSection
	GlobalSection(ProjectConfigurationPlatforms) = postSolution
		{7287E00A-77BD-40D6-8E37-6B9230779D17}.Debug|Any CPU.ActiveCfg = Debug|Any CPU
		{7287E00A-77BD-40D6-8E37-6B9230779D17}.Debug|Any CPU.Build.0 = Debug|Any CPU
		{7287E00A-77BD-40D6-8E37-6B9230779D17}.Debug|x64.ActiveCfg = Debug|Any CPU
		{7287E00A-77BD-40D6-8E37-6B9230779D17}.Debug|x64.Build.0 = Debug|Any CPU
		{7287E00A-77BD-40D6-8E37-6B9230779D17}.Debug|x86.ActiveCfg = Debug|Any CPU
		{7287E00A-77BD-40D6-8E37-6B9230779D17}.Debug|x86.Build.0 = Debug|Any CPU
		{7287E00A-77BD-40D6-8E37-6B9230779D17}.Release|Any CPU.ActiveCfg = Release|Any CPU
		{7287E00A-77BD-40D6-8E37-6B9230779D17}.Release|Any CPU.Build.0 = Release|Any CPU
		{7287E00A-77BD-40D6-8E37-6B9230779D17}.Release|x64.ActiveCfg = Release|Any CPU
		{7287E00A-77BD-40D6-8E37-6B9230779D17}.Release|x64.Build.0 = Release|Any CPU
		{7287E00A-77BD-40D6-8E37-6B9230779D17}.Release|x86.ActiveCfg = Release|Any CPU
		{7287E00A-77BD-40D6-8E37-6B9230779D17}.Release|x86.Build.0 = Release|Any CPU
		{F554CF88-0B74-4AF4-B0B0-440E64546856}.Debug|Any CPU.ActiveCfg = Debug|Any CPU
		{F554CF88-0B74-4AF4-B0B0-440E64546856}.Debug|Any CPU.Build.0 = Debug|Any CPU
		{F554CF88-0B74-4AF4-B0B0-440E64546856}.Debug|x64.ActiveCfg = Debug|Any CPU
		{F554CF88-0B74-4AF4-B0B0-440E64546856}.Debug|x64.Build.0 = Debug|Any CPU
		{F554CF88-0B74-4AF4-B0B0-440E64546856}.Debug|x86.ActiveCfg = Debug|Any CPU
		{F554CF88-0B74-4AF4-B0B0-440E64546856}.Debug|x86.Build.0 = Debug|Any CPU
		{F554CF88-0B74-4AF4-B0B0-440E64546856}.Release|Any CPU.ActiveCfg = Release|Any CPU
		{F554CF88-0B74-4AF4-B0B0-440E64546856}.Release|Any CPU.Build.0 = Release|Any CPU
		{F554CF88-0B74-4AF4-B0B0-440E64546856}.Release|x64.ActiveCfg = Release|Any CPU
		{F554CF88-0B74-4AF4-B0B0-440E64546856}.Release|x64.Build.0 = Release|Any CPU
		{F554CF88-0B74-4AF4-B0B0-440E64546856}.Release|x86.ActiveCfg = Release|Any CPU
		{F554CF88-0B74-4AF4-B0B0-440E64546856}.Release|x86.Build.0 = Release|Any CPU
		{DD764F38-17E1-46EC-BCCD-1A210C48C8FF}.Debug|Any CPU.ActiveCfg = Debug|Any CPU
		{DD764F38-17E1-46EC-BCCD-1A210C48C8FF}.Debug|Any CPU.Build.0 = Debug|Any CPU
		{DD764F38-17E1-46EC-BCCD-1A210C48C8FF}.Debug|x64.ActiveCfg = Debug|Any CPU
		{DD764F38-17E1-46EC-BCCD-1A210C48C8FF}.Debug|x64.Build.0 = Debug|Any CPU
		{DD764F38-17E1-46EC-BCCD-1A210C48C8FF}.Debug|x86.ActiveCfg = Debug|Any CPU
		{DD764F38-17E1-46EC-BCCD-1A210C48C8FF}.Debug|x86.Build.0 = Debug|Any CPU
		{DD764F38-17E1-46EC-BCCD-1A210C48C8FF}.Release|Any CPU.ActiveCfg = Release|Any CPU
		{DD764F38-17E1-46EC-BCCD-1A210C48C8FF}.Release|Any CPU.Build.0 = Release|Any CPU
		{DD764F38-17E1-46EC-BCCD-1A210C48C8FF}.Release|x64.ActiveCfg = Release|Any CPU
		{DD764F38-17E1-46EC-BCCD-1A210C48C8FF}.Release|x64.Build.0 = Release|Any CPU
		{DD764F38-17E1-46EC-BCCD-1A210C48C8FF}.Release|x86.ActiveCfg = Release|Any CPU
		{DD764F38-17E1-46EC-BCCD-1A210C48C8FF}.Release|x86.Build.0 = Release|Any CPU
		{80914986-49AB-48F9-A2D0-AD2D9EEE5E64}.Debug|Any CPU.ActiveCfg = Debug|Any CPU
		{80914986-49AB-48F9-A2D0-AD2D9EEE5E64}.Debug|Any CPU.Build.0 = Debug|Any CPU
		{80914986-49AB-48F9-A2D0-AD2D9EEE5E64}.Debug|x64.ActiveCfg = Debug|Any CPU
		{80914986-49AB-48F9-A2D0-AD2D9EEE5E64}.Debug|x64.Build.0 = Debug|Any CPU
		{80914986-49AB-48F9-A2D0-AD2D9EEE5E64}.Debug|x86.ActiveCfg = Debug|Any CPU
		{80914986-49AB-48F9-A2D0-AD2D9EEE5E64}.Debug|x86.Build.0 = Debug|Any CPU
		{80914986-49AB-48F9-A2D0-AD2D9EEE5E64}.Release|Any CPU.ActiveCfg = Release|Any CPU
		{80914986-49AB-48F9-A2D0-AD2D9EEE5E64}.Release|Any CPU.Build.0 = Release|Any CPU
		{80914986-49AB-48F9-A2D0-AD2D9EEE5E64}.Release|x64.ActiveCfg = Release|Any CPU
		{80914986-49AB-48F9-A2D0-AD2D9EEE5E64}.Release|x64.Build.0 = Release|Any CPU
		{80914986-49AB-48F9-A2D0-AD2D9EEE5E64}.Release|x86.ActiveCfg = Release|Any CPU
		{80914986-49AB-48F9-A2D0-AD2D9EEE5E64}.Release|x86.Build.0 = Release|Any CPU
		{B2768934-88C6-4EB0-A467-8736B122DF06}.Debug|Any CPU.ActiveCfg = Debug|Any CPU
		{B2768934-88C6-4EB0-A467-8736B122DF06}.Debug|Any CPU.Build.0 = Debug|Any CPU
		{B2768934-88C6-4EB0-A467-8736B122DF06}.Debug|x64.ActiveCfg = Debug|Any CPU
		{B2768934-88C6-4EB0-A467-8736B122DF06}.Debug|x64.Build.0 = Debug|Any CPU
		{B2768934-88C6-4EB0-A467-8736B122DF06}.Debug|x86.ActiveCfg = Debug|Any CPU
		{B2768934-88C6-4EB0-A467-8736B122DF06}.Debug|x86.Build.0 = Debug|Any CPU
		{B2768934-88C6-4EB0-A467-8736B122DF06}.Release|Any CPU.ActiveCfg = Release|Any CPU
		{B2768934-88C6-4EB0-A467-8736B122DF06}.Release|Any CPU.Build.0 = Release|Any CPU
		{B2768934-88C6-4EB0-A467-8736B122DF06}.Release|x64.ActiveCfg = Release|Any CPU
		{B2768934-88C6-4EB0-A467-8736B122DF06}.Release|x64.Build.0 = Release|Any CPU
		{B2768934-88C6-4EB0-A467-8736B122DF06}.Release|x86.ActiveCfg = Release|Any CPU
		{B2768934-88C6-4EB0-A467-8736B122DF06}.Release|x86.Build.0 = Release|Any CPU
		{74BC79E1-A17F-421B-8151-F26607F72595}.Debug|Any CPU.ActiveCfg = Debug|Any CPU
		{74BC79E1-A17F-421B-8151-F26607F72595}.Debug|Any CPU.Build.0 = Debug|Any CPU
		{74BC79E1-A17F-421B-8151-F26607F72595}.Debug|x64.ActiveCfg = Debug|Any CPU
		{74BC79E1-A17F-421B-8151-F26607F72595}.Debug|x64.Build.0 = Debug|Any CPU
		{74BC79E1-A17F-421B-8151-F26607F72595}.Debug|x86.ActiveCfg = Debug|Any CPU
		{74BC79E1-A17F-421B-8151-F26607F72595}.Debug|x86.Build.0 = Debug|Any CPU
		{74BC79E1-A17F-421B-8151-F26607F72595}.Release|Any CPU.ActiveCfg = Release|Any CPU
		{74BC79E1-A17F-421B-8151-F26607F72595}.Release|Any CPU.Build.0 = Release|Any CPU
		{74BC79E1-A17F-421B-8151-F26607F72595}.Release|x64.ActiveCfg = Release|Any CPU
		{74BC79E1-A17F-421B-8151-F26607F72595}.Release|x64.Build.0 = Release|Any CPU
		{74BC79E1-A17F-421B-8151-F26607F72595}.Release|x86.ActiveCfg = Release|Any CPU
		{74BC79E1-A17F-421B-8151-F26607F72595}.Release|x86.Build.0 = Release|Any CPU
		{36E6C128-02C5-497F-87B0-26452A78A21D}.Debug|Any CPU.ActiveCfg = Debug|Any CPU
		{36E6C128-02C5-497F-87B0-26452A78A21D}.Debug|Any CPU.Build.0 = Debug|Any CPU
		{36E6C128-02C5-497F-87B0-26452A78A21D}.Debug|x64.ActiveCfg = Debug|Any CPU
		{36E6C128-02C5-497F-87B0-26452A78A21D}.Debug|x64.Build.0 = Debug|Any CPU
		{36E6C128-02C5-497F-87B0-26452A78A21D}.Debug|x86.ActiveCfg = Debug|Any CPU
		{36E6C128-02C5-497F-87B0-26452A78A21D}.Debug|x86.Build.0 = Debug|Any CPU
		{36E6C128-02C5-497F-87B0-26452A78A21D}.Release|Any CPU.ActiveCfg = Release|Any CPU
		{36E6C128-02C5-497F-87B0-26452A78A21D}.Release|Any CPU.Build.0 = Release|Any CPU
		{36E6C128-02C5-497F-87B0-26452A78A21D}.Release|x64.ActiveCfg = Release|Any CPU
		{36E6C128-02C5-497F-87B0-26452A78A21D}.Release|x64.Build.0 = Release|Any CPU
		{36E6C128-02C5-497F-87B0-26452A78A21D}.Release|x86.ActiveCfg = Release|Any CPU
		{36E6C128-02C5-497F-87B0-26452A78A21D}.Release|x86.Build.0 = Release|Any CPU
		{9694CE7B-CD4C-4CE4-ADE7-B03D1F3F8E88}.Debug|Any CPU.ActiveCfg = Debug|Any CPU
		{9694CE7B-CD4C-4CE4-ADE7-B03D1F3F8E88}.Debug|Any CPU.Build.0 = Debug|Any CPU
		{9694CE7B-CD4C-4CE4-ADE7-B03D1F3F8E88}.Debug|x64.ActiveCfg = Debug|Any CPU
		{9694CE7B-CD4C-4CE4-ADE7-B03D1F3F8E88}.Debug|x64.Build.0 = Debug|Any CPU
		{9694CE7B-CD4C-4CE4-ADE7-B03D1F3F8E88}.Debug|x86.ActiveCfg = Debug|Any CPU
		{9694CE7B-CD4C-4CE4-ADE7-B03D1F3F8E88}.Debug|x86.Build.0 = Debug|Any CPU
		{9694CE7B-CD4C-4CE4-ADE7-B03D1F3F8E88}.Release|Any CPU.ActiveCfg = Release|Any CPU
		{9694CE7B-CD4C-4CE4-ADE7-B03D1F3F8E88}.Release|Any CPU.Build.0 = Release|Any CPU
		{9694CE7B-CD4C-4CE4-ADE7-B03D1F3F8E88}.Release|x64.ActiveCfg = Release|Any CPU
		{9694CE7B-CD4C-4CE4-ADE7-B03D1F3F8E88}.Release|x64.Build.0 = Release|Any CPU
		{9694CE7B-CD4C-4CE4-ADE7-B03D1F3F8E88}.Release|x86.ActiveCfg = Release|Any CPU
		{9694CE7B-CD4C-4CE4-ADE7-B03D1F3F8E88}.Release|x86.Build.0 = Release|Any CPU
		{BC1E758D-F325-469F-873B-C54A1B26178E}.Debug|Any CPU.ActiveCfg = Debug|Any CPU
		{BC1E758D-F325-469F-873B-C54A1B26178E}.Debug|Any CPU.Build.0 = Debug|Any CPU
		{BC1E758D-F325-469F-873B-C54A1B26178E}.Debug|x64.ActiveCfg = Debug|Any CPU
		{BC1E758D-F325-469F-873B-C54A1B26178E}.Debug|x64.Build.0 = Debug|Any CPU
		{BC1E758D-F325-469F-873B-C54A1B26178E}.Debug|x86.ActiveCfg = Debug|Any CPU
		{BC1E758D-F325-469F-873B-C54A1B26178E}.Debug|x86.Build.0 = Debug|Any CPU
		{BC1E758D-F325-469F-873B-C54A1B26178E}.Release|Any CPU.ActiveCfg = Release|Any CPU
		{BC1E758D-F325-469F-873B-C54A1B26178E}.Release|Any CPU.Build.0 = Release|Any CPU
		{BC1E758D-F325-469F-873B-C54A1B26178E}.Release|x64.ActiveCfg = Release|Any CPU
		{BC1E758D-F325-469F-873B-C54A1B26178E}.Release|x64.Build.0 = Release|Any CPU
		{BC1E758D-F325-469F-873B-C54A1B26178E}.Release|x86.ActiveCfg = Release|Any CPU
		{BC1E758D-F325-469F-873B-C54A1B26178E}.Release|x86.Build.0 = Release|Any CPU
		{4C294E38-F5F8-43B7-AC96-179338255ED5}.Debug|Any CPU.ActiveCfg = Debug|Any CPU
		{4C294E38-F5F8-43B7-AC96-179338255ED5}.Debug|Any CPU.Build.0 = Debug|Any CPU
		{4C294E38-F5F8-43B7-AC96-179338255ED5}.Debug|x64.ActiveCfg = Debug|Any CPU
		{4C294E38-F5F8-43B7-AC96-179338255ED5}.Debug|x64.Build.0 = Debug|Any CPU
		{4C294E38-F5F8-43B7-AC96-179338255ED5}.Debug|x86.ActiveCfg = Debug|Any CPU
		{4C294E38-F5F8-43B7-AC96-179338255ED5}.Debug|x86.Build.0 = Debug|Any CPU
		{4C294E38-F5F8-43B7-AC96-179338255ED5}.Release|Any CPU.ActiveCfg = Release|Any CPU
		{4C294E38-F5F8-43B7-AC96-179338255ED5}.Release|Any CPU.Build.0 = Release|Any CPU
		{4C294E38-F5F8-43B7-AC96-179338255ED5}.Release|x64.ActiveCfg = Release|Any CPU
		{4C294E38-F5F8-43B7-AC96-179338255ED5}.Release|x64.Build.0 = Release|Any CPU
		{4C294E38-F5F8-43B7-AC96-179338255ED5}.Release|x86.ActiveCfg = Release|Any CPU
		{4C294E38-F5F8-43B7-AC96-179338255ED5}.Release|x86.Build.0 = Release|Any CPU
		{A6609786-3D41-4B2D-9D70-BA32685B31AA}.Debug|Any CPU.ActiveCfg = Debug|Any CPU
		{A6609786-3D41-4B2D-9D70-BA32685B31AA}.Debug|Any CPU.Build.0 = Debug|Any CPU
		{A6609786-3D41-4B2D-9D70-BA32685B31AA}.Debug|x64.ActiveCfg = Debug|Any CPU
		{A6609786-3D41-4B2D-9D70-BA32685B31AA}.Debug|x64.Build.0 = Debug|Any CPU
		{A6609786-3D41-4B2D-9D70-BA32685B31AA}.Debug|x86.ActiveCfg = Debug|Any CPU
		{A6609786-3D41-4B2D-9D70-BA32685B31AA}.Debug|x86.Build.0 = Debug|Any CPU
		{A6609786-3D41-4B2D-9D70-BA32685B31AA}.Release|Any CPU.ActiveCfg = Release|Any CPU
		{A6609786-3D41-4B2D-9D70-BA32685B31AA}.Release|Any CPU.Build.0 = Release|Any CPU
		{A6609786-3D41-4B2D-9D70-BA32685B31AA}.Release|x64.ActiveCfg = Release|Any CPU
		{A6609786-3D41-4B2D-9D70-BA32685B31AA}.Release|x64.Build.0 = Release|Any CPU
		{A6609786-3D41-4B2D-9D70-BA32685B31AA}.Release|x86.ActiveCfg = Release|Any CPU
		{A6609786-3D41-4B2D-9D70-BA32685B31AA}.Release|x86.Build.0 = Release|Any CPU
		{9929B03E-B34F-4E9B-8C33-D9B4E658E269}.Debug|Any CPU.ActiveCfg = Debug|Any CPU
		{9929B03E-B34F-4E9B-8C33-D9B4E658E269}.Debug|Any CPU.Build.0 = Debug|Any CPU
		{9929B03E-B34F-4E9B-8C33-D9B4E658E269}.Debug|x64.ActiveCfg = Debug|Any CPU
		{9929B03E-B34F-4E9B-8C33-D9B4E658E269}.Debug|x64.Build.0 = Debug|Any CPU
		{9929B03E-B34F-4E9B-8C33-D9B4E658E269}.Debug|x86.ActiveCfg = Debug|Any CPU
		{9929B03E-B34F-4E9B-8C33-D9B4E658E269}.Debug|x86.Build.0 = Debug|Any CPU
		{9929B03E-B34F-4E9B-8C33-D9B4E658E269}.Release|Any CPU.ActiveCfg = Release|Any CPU
		{9929B03E-B34F-4E9B-8C33-D9B4E658E269}.Release|Any CPU.Build.0 = Release|Any CPU
		{9929B03E-B34F-4E9B-8C33-D9B4E658E269}.Release|x64.ActiveCfg = Release|Any CPU
		{9929B03E-B34F-4E9B-8C33-D9B4E658E269}.Release|x64.Build.0 = Release|Any CPU
		{9929B03E-B34F-4E9B-8C33-D9B4E658E269}.Release|x86.ActiveCfg = Release|Any CPU
		{9929B03E-B34F-4E9B-8C33-D9B4E658E269}.Release|x86.Build.0 = Release|Any CPU
		{277113C3-8884-48BB-B250-E39106885002}.Debug|Any CPU.ActiveCfg = Debug|Any CPU
		{277113C3-8884-48BB-B250-E39106885002}.Debug|Any CPU.Build.0 = Debug|Any CPU
		{277113C3-8884-48BB-B250-E39106885002}.Debug|x64.ActiveCfg = Debug|Any CPU
		{277113C3-8884-48BB-B250-E39106885002}.Debug|x64.Build.0 = Debug|Any CPU
		{277113C3-8884-48BB-B250-E39106885002}.Debug|x86.ActiveCfg = Debug|Any CPU
		{277113C3-8884-48BB-B250-E39106885002}.Debug|x86.Build.0 = Debug|Any CPU
		{277113C3-8884-48BB-B250-E39106885002}.Release|Any CPU.ActiveCfg = Release|Any CPU
		{277113C3-8884-48BB-B250-E39106885002}.Release|Any CPU.Build.0 = Release|Any CPU
		{277113C3-8884-48BB-B250-E39106885002}.Release|x64.ActiveCfg = Release|Any CPU
		{277113C3-8884-48BB-B250-E39106885002}.Release|x64.Build.0 = Release|Any CPU
		{277113C3-8884-48BB-B250-E39106885002}.Release|x86.ActiveCfg = Release|Any CPU
		{277113C3-8884-48BB-B250-E39106885002}.Release|x86.Build.0 = Release|Any CPU
		{716D7C6F-0249-448C-BC8C-30D78660E80E}.Debug|Any CPU.ActiveCfg = Debug|Any CPU
		{716D7C6F-0249-448C-BC8C-30D78660E80E}.Debug|Any CPU.Build.0 = Debug|Any CPU
		{716D7C6F-0249-448C-BC8C-30D78660E80E}.Debug|x64.ActiveCfg = Debug|Any CPU
		{716D7C6F-0249-448C-BC8C-30D78660E80E}.Debug|x64.Build.0 = Debug|Any CPU
		{716D7C6F-0249-448C-BC8C-30D78660E80E}.Debug|x86.ActiveCfg = Debug|Any CPU
		{716D7C6F-0249-448C-BC8C-30D78660E80E}.Debug|x86.Build.0 = Debug|Any CPU
		{716D7C6F-0249-448C-BC8C-30D78660E80E}.Release|Any CPU.ActiveCfg = Release|Any CPU
		{716D7C6F-0249-448C-BC8C-30D78660E80E}.Release|Any CPU.Build.0 = Release|Any CPU
		{716D7C6F-0249-448C-BC8C-30D78660E80E}.Release|x64.ActiveCfg = Release|Any CPU
		{716D7C6F-0249-448C-BC8C-30D78660E80E}.Release|x64.Build.0 = Release|Any CPU
		{716D7C6F-0249-448C-BC8C-30D78660E80E}.Release|x86.ActiveCfg = Release|Any CPU
		{716D7C6F-0249-448C-BC8C-30D78660E80E}.Release|x86.Build.0 = Release|Any CPU
		{38C5A395-E6C8-4CCA-8D9A-59122A7E1666}.Debug|Any CPU.ActiveCfg = Debug|Any CPU
		{38C5A395-E6C8-4CCA-8D9A-59122A7E1666}.Debug|Any CPU.Build.0 = Debug|Any CPU
		{38C5A395-E6C8-4CCA-8D9A-59122A7E1666}.Debug|x64.ActiveCfg = Debug|Any CPU
		{38C5A395-E6C8-4CCA-8D9A-59122A7E1666}.Debug|x64.Build.0 = Debug|Any CPU
		{38C5A395-E6C8-4CCA-8D9A-59122A7E1666}.Debug|x86.ActiveCfg = Debug|Any CPU
		{38C5A395-E6C8-4CCA-8D9A-59122A7E1666}.Debug|x86.Build.0 = Debug|Any CPU
		{38C5A395-E6C8-4CCA-8D9A-59122A7E1666}.Release|Any CPU.ActiveCfg = Release|Any CPU
		{38C5A395-E6C8-4CCA-8D9A-59122A7E1666}.Release|Any CPU.Build.0 = Release|Any CPU
		{38C5A395-E6C8-4CCA-8D9A-59122A7E1666}.Release|x64.ActiveCfg = Release|Any CPU
		{38C5A395-E6C8-4CCA-8D9A-59122A7E1666}.Release|x64.Build.0 = Release|Any CPU
		{38C5A395-E6C8-4CCA-8D9A-59122A7E1666}.Release|x86.ActiveCfg = Release|Any CPU
		{38C5A395-E6C8-4CCA-8D9A-59122A7E1666}.Release|x86.Build.0 = Release|Any CPU
		{45F4441A-791A-41D2-93D1-F85559D1A1C8}.Debug|Any CPU.ActiveCfg = Debug|Any CPU
		{45F4441A-791A-41D2-93D1-F85559D1A1C8}.Debug|Any CPU.Build.0 = Debug|Any CPU
		{45F4441A-791A-41D2-93D1-F85559D1A1C8}.Debug|x64.ActiveCfg = Debug|Any CPU
		{45F4441A-791A-41D2-93D1-F85559D1A1C8}.Debug|x64.Build.0 = Debug|Any CPU
		{45F4441A-791A-41D2-93D1-F85559D1A1C8}.Debug|x86.ActiveCfg = Debug|Any CPU
		{45F4441A-791A-41D2-93D1-F85559D1A1C8}.Debug|x86.Build.0 = Debug|Any CPU
		{45F4441A-791A-41D2-93D1-F85559D1A1C8}.Release|Any CPU.ActiveCfg = Release|Any CPU
		{45F4441A-791A-41D2-93D1-F85559D1A1C8}.Release|Any CPU.Build.0 = Release|Any CPU
		{45F4441A-791A-41D2-93D1-F85559D1A1C8}.Release|x64.ActiveCfg = Release|Any CPU
		{45F4441A-791A-41D2-93D1-F85559D1A1C8}.Release|x64.Build.0 = Release|Any CPU
		{45F4441A-791A-41D2-93D1-F85559D1A1C8}.Release|x86.ActiveCfg = Release|Any CPU
		{45F4441A-791A-41D2-93D1-F85559D1A1C8}.Release|x86.Build.0 = Release|Any CPU
		{7A7E31DB-B441-443B-A840-F5EBD042EA66}.Debug|Any CPU.ActiveCfg = Debug|Any CPU
		{7A7E31DB-B441-443B-A840-F5EBD042EA66}.Debug|Any CPU.Build.0 = Debug|Any CPU
		{7A7E31DB-B441-443B-A840-F5EBD042EA66}.Debug|x64.ActiveCfg = Debug|Any CPU
		{7A7E31DB-B441-443B-A840-F5EBD042EA66}.Debug|x64.Build.0 = Debug|Any CPU
		{7A7E31DB-B441-443B-A840-F5EBD042EA66}.Debug|x86.ActiveCfg = Debug|Any CPU
		{7A7E31DB-B441-443B-A840-F5EBD042EA66}.Debug|x86.Build.0 = Debug|Any CPU
		{7A7E31DB-B441-443B-A840-F5EBD042EA66}.Release|Any CPU.ActiveCfg = Release|Any CPU
		{7A7E31DB-B441-443B-A840-F5EBD042EA66}.Release|Any CPU.Build.0 = Release|Any CPU
		{7A7E31DB-B441-443B-A840-F5EBD042EA66}.Release|x64.ActiveCfg = Release|Any CPU
		{7A7E31DB-B441-443B-A840-F5EBD042EA66}.Release|x64.Build.0 = Release|Any CPU
		{7A7E31DB-B441-443B-A840-F5EBD042EA66}.Release|x86.ActiveCfg = Release|Any CPU
		{7A7E31DB-B441-443B-A840-F5EBD042EA66}.Release|x86.Build.0 = Release|Any CPU
		{5D632D40-F08C-4504-93CC-E71075B18E45}.Debug|Any CPU.ActiveCfg = Debug|Any CPU
		{5D632D40-F08C-4504-93CC-E71075B18E45}.Debug|Any CPU.Build.0 = Debug|Any CPU
		{5D632D40-F08C-4504-93CC-E71075B18E45}.Debug|x64.ActiveCfg = Debug|Any CPU
		{5D632D40-F08C-4504-93CC-E71075B18E45}.Debug|x64.Build.0 = Debug|Any CPU
		{5D632D40-F08C-4504-93CC-E71075B18E45}.Debug|x86.ActiveCfg = Debug|Any CPU
		{5D632D40-F08C-4504-93CC-E71075B18E45}.Debug|x86.Build.0 = Debug|Any CPU
		{5D632D40-F08C-4504-93CC-E71075B18E45}.Release|Any CPU.ActiveCfg = Release|Any CPU
		{5D632D40-F08C-4504-93CC-E71075B18E45}.Release|Any CPU.Build.0 = Release|Any CPU
		{5D632D40-F08C-4504-93CC-E71075B18E45}.Release|x64.ActiveCfg = Release|Any CPU
		{5D632D40-F08C-4504-93CC-E71075B18E45}.Release|x64.Build.0 = Release|Any CPU
		{5D632D40-F08C-4504-93CC-E71075B18E45}.Release|x86.ActiveCfg = Release|Any CPU
		{5D632D40-F08C-4504-93CC-E71075B18E45}.Release|x86.Build.0 = Release|Any CPU
		{C0394C15-FE70-4D2E-8183-CF7217235237}.Debug|Any CPU.ActiveCfg = Debug|Any CPU
		{C0394C15-FE70-4D2E-8183-CF7217235237}.Debug|Any CPU.Build.0 = Debug|Any CPU
		{C0394C15-FE70-4D2E-8183-CF7217235237}.Debug|x64.ActiveCfg = Debug|Any CPU
		{C0394C15-FE70-4D2E-8183-CF7217235237}.Debug|x64.Build.0 = Debug|Any CPU
		{C0394C15-FE70-4D2E-8183-CF7217235237}.Debug|x86.ActiveCfg = Debug|Any CPU
		{C0394C15-FE70-4D2E-8183-CF7217235237}.Debug|x86.Build.0 = Debug|Any CPU
		{C0394C15-FE70-4D2E-8183-CF7217235237}.Release|Any CPU.ActiveCfg = Release|Any CPU
		{C0394C15-FE70-4D2E-8183-CF7217235237}.Release|Any CPU.Build.0 = Release|Any CPU
		{C0394C15-FE70-4D2E-8183-CF7217235237}.Release|x64.ActiveCfg = Release|Any CPU
		{C0394C15-FE70-4D2E-8183-CF7217235237}.Release|x64.Build.0 = Release|Any CPU
		{C0394C15-FE70-4D2E-8183-CF7217235237}.Release|x86.ActiveCfg = Release|Any CPU
		{C0394C15-FE70-4D2E-8183-CF7217235237}.Release|x86.Build.0 = Release|Any CPU
		{7ABA9E94-A342-47ED-B5B6-1C7E32C90FDB}.Debug|Any CPU.ActiveCfg = Debug|Any CPU
		{7ABA9E94-A342-47ED-B5B6-1C7E32C90FDB}.Debug|Any CPU.Build.0 = Debug|Any CPU
		{7ABA9E94-A342-47ED-B5B6-1C7E32C90FDB}.Debug|x64.ActiveCfg = Debug|Any CPU
		{7ABA9E94-A342-47ED-B5B6-1C7E32C90FDB}.Debug|x64.Build.0 = Debug|Any CPU
		{7ABA9E94-A342-47ED-B5B6-1C7E32C90FDB}.Debug|x86.ActiveCfg = Debug|Any CPU
		{7ABA9E94-A342-47ED-B5B6-1C7E32C90FDB}.Debug|x86.Build.0 = Debug|Any CPU
		{7ABA9E94-A342-47ED-B5B6-1C7E32C90FDB}.Release|Any CPU.ActiveCfg = Release|Any CPU
		{7ABA9E94-A342-47ED-B5B6-1C7E32C90FDB}.Release|Any CPU.Build.0 = Release|Any CPU
		{7ABA9E94-A342-47ED-B5B6-1C7E32C90FDB}.Release|x64.ActiveCfg = Release|Any CPU
		{7ABA9E94-A342-47ED-B5B6-1C7E32C90FDB}.Release|x64.Build.0 = Release|Any CPU
		{7ABA9E94-A342-47ED-B5B6-1C7E32C90FDB}.Release|x86.ActiveCfg = Release|Any CPU
		{7ABA9E94-A342-47ED-B5B6-1C7E32C90FDB}.Release|x86.Build.0 = Release|Any CPU
		{21D6175D-3748-4223-AF73-1F85AE4C1C0A}.Debug|Any CPU.ActiveCfg = Debug|Any CPU
		{21D6175D-3748-4223-AF73-1F85AE4C1C0A}.Debug|Any CPU.Build.0 = Debug|Any CPU
		{21D6175D-3748-4223-AF73-1F85AE4C1C0A}.Debug|x64.ActiveCfg = Debug|Any CPU
		{21D6175D-3748-4223-AF73-1F85AE4C1C0A}.Debug|x64.Build.0 = Debug|Any CPU
		{21D6175D-3748-4223-AF73-1F85AE4C1C0A}.Debug|x86.ActiveCfg = Debug|Any CPU
		{21D6175D-3748-4223-AF73-1F85AE4C1C0A}.Debug|x86.Build.0 = Debug|Any CPU
		{21D6175D-3748-4223-AF73-1F85AE4C1C0A}.Release|Any CPU.ActiveCfg = Release|Any CPU
		{21D6175D-3748-4223-AF73-1F85AE4C1C0A}.Release|Any CPU.Build.0 = Release|Any CPU
		{21D6175D-3748-4223-AF73-1F85AE4C1C0A}.Release|x64.ActiveCfg = Release|Any CPU
		{21D6175D-3748-4223-AF73-1F85AE4C1C0A}.Release|x64.Build.0 = Release|Any CPU
		{21D6175D-3748-4223-AF73-1F85AE4C1C0A}.Release|x86.ActiveCfg = Release|Any CPU
		{21D6175D-3748-4223-AF73-1F85AE4C1C0A}.Release|x86.Build.0 = Release|Any CPU
		{C608F5E9-4111-4830-B828-0E2CBE704EEF}.Debug|Any CPU.ActiveCfg = Debug|Any CPU
		{C608F5E9-4111-4830-B828-0E2CBE704EEF}.Debug|Any CPU.Build.0 = Debug|Any CPU
		{C608F5E9-4111-4830-B828-0E2CBE704EEF}.Debug|x64.ActiveCfg = Debug|Any CPU
		{C608F5E9-4111-4830-B828-0E2CBE704EEF}.Debug|x64.Build.0 = Debug|Any CPU
		{C608F5E9-4111-4830-B828-0E2CBE704EEF}.Debug|x86.ActiveCfg = Debug|Any CPU
		{C608F5E9-4111-4830-B828-0E2CBE704EEF}.Debug|x86.Build.0 = Debug|Any CPU
		{C608F5E9-4111-4830-B828-0E2CBE704EEF}.Release|Any CPU.ActiveCfg = Release|Any CPU
		{C608F5E9-4111-4830-B828-0E2CBE704EEF}.Release|Any CPU.Build.0 = Release|Any CPU
		{C608F5E9-4111-4830-B828-0E2CBE704EEF}.Release|x64.ActiveCfg = Release|Any CPU
		{C608F5E9-4111-4830-B828-0E2CBE704EEF}.Release|x64.Build.0 = Release|Any CPU
		{C608F5E9-4111-4830-B828-0E2CBE704EEF}.Release|x86.ActiveCfg = Release|Any CPU
		{C608F5E9-4111-4830-B828-0E2CBE704EEF}.Release|x86.Build.0 = Release|Any CPU
	EndGlobalSection
	GlobalSection(SolutionProperties) = preSolution
		HideSolutionNode = FALSE
	EndGlobalSection
	GlobalSection(NestedProjects) = preSolution
		{DD764F38-17E1-46EC-BCCD-1A210C48C8FF} = {97F7098D-939F-4893-A82D-07B54348C72E}
		{80914986-49AB-48F9-A2D0-AD2D9EEE5E64} = {97F7098D-939F-4893-A82D-07B54348C72E}
		{B2768934-88C6-4EB0-A467-8736B122DF06} = {97F7098D-939F-4893-A82D-07B54348C72E}
		{74BC79E1-A17F-421B-8151-F26607F72595} = {97F7098D-939F-4893-A82D-07B54348C72E}
		{36E6C128-02C5-497F-87B0-26452A78A21D} = {97F7098D-939F-4893-A82D-07B54348C72E}
		{9694CE7B-CD4C-4CE4-ADE7-B03D1F3F8E88} = {97F7098D-939F-4893-A82D-07B54348C72E}
		{4C294E38-F5F8-43B7-AC96-179338255ED5} = {97F7098D-939F-4893-A82D-07B54348C72E}
		{9929B03E-B34F-4E9B-8C33-D9B4E658E269} = {97F7098D-939F-4893-A82D-07B54348C72E}
		{C0394C15-FE70-4D2E-8183-CF7217235237} = {97F7098D-939F-4893-A82D-07B54348C72E}
		{C608F5E9-4111-4830-B828-0E2CBE704EEF} = {97F7098D-939F-4893-A82D-07B54348C72E}
	EndGlobalSection
	GlobalSection(ExtensibilityGlobals) = postSolution
		SolutionGuid = {147A59FA-2A7C-4AA1-A1FD-375FFA74D947}
	EndGlobalSection
EndGlobal
