
Microsoft Visual Studio Solution File, Format Version 12.00
# Visual Studio Version 16
VisualStudioVersion = 16.6.30114.105
MinimumVisualStudioVersion = 10.0.40219.1
Project("{FAE04EC0-301F-11D3-BF4B-00C04F79EFBC}") = "R5T.D0096.A001", "R5T.D0096.A001\R5T.D0096.A001.csproj", "{B3DCEB66-1D0A-4779-9FE9-D1C0582A3124}"
EndProject
Project("{FAE04EC0-301F-11D3-BF4B-00C04F79EFBC}") = "R5T.D0096.I001", "R5T.D0096.I001\R5T.D0096.I001.csproj", "{AA4FB480-1269-48F7-A3F5-802FBB60933B}"
EndProject
Project("{FAE04EC0-301F-11D3-BF4B-00C04F79EFBC}") = "R5T.D0096.Base", "R5T.D0096.Base\R5T.D0096.Base.csproj", "{9A4B7C0B-85DC-4D0C-AC2A-22C363D002DD}"
EndProject
Project("{2150E333-8FDC-42A3-9474-1A3956D46DE8}") = "_Dependencies", "_Dependencies", "{C2FAEDD8-11F3-484E-AF68-C3EB9CFCDA44}"
EndProject
Project("{FAE04EC0-301F-11D3-BF4B-00C04F79EFBC}") = "R5T.Dacia.Extensions", "..\..\R5T.Dacia.Extensions\source\R5T.Dacia.Extensions\R5T.Dacia.Extensions.csproj", "{E54679F3-2F74-4BF4-9813-0AC34022084D}"
EndProject
Project("{FAE04EC0-301F-11D3-BF4B-00C04F79EFBC}") = "R5T.Dacia.T002", "..\..\R5T.Dacia\source\R5T.Dacia.T002\R5T.Dacia.T002.csproj", "{D6EA9603-E981-4C69-A342-C05B7A0A33D3}"
EndProject
Global
	GlobalSection(SolutionConfigurationPlatforms) = preSolution
		Debug|Any CPU = Debug|Any CPU
		Debug|x64 = Debug|x64
		Debug|x86 = Debug|x86
		Release|Any CPU = Release|Any CPU
		Release|x64 = Release|x64
		Release|x86 = Release|x86
	EndGlobalSection
	GlobalSection(SolutionProperties) = preSolution
		HideSolutionNode = FALSE
	EndGlobalSection
	GlobalSection(ProjectConfigurationPlatforms) = postSolution
		{B3DCEB66-1D0A-4779-9FE9-D1C0582A3124}.Debug|Any CPU.ActiveCfg = Debug|Any CPU
		{B3DCEB66-1D0A-4779-9FE9-D1C0582A3124}.Debug|Any CPU.Build.0 = Debug|Any CPU
		{B3DCEB66-1D0A-4779-9FE9-D1C0582A3124}.Debug|x64.ActiveCfg = Debug|Any CPU
		{B3DCEB66-1D0A-4779-9FE9-D1C0582A3124}.Debug|x64.Build.0 = Debug|Any CPU
		{B3DCEB66-1D0A-4779-9FE9-D1C0582A3124}.Debug|x86.ActiveCfg = Debug|Any CPU
		{B3DCEB66-1D0A-4779-9FE9-D1C0582A3124}.Debug|x86.Build.0 = Debug|Any CPU
		{B3DCEB66-1D0A-4779-9FE9-D1C0582A3124}.Release|Any CPU.ActiveCfg = Release|Any CPU
		{B3DCEB66-1D0A-4779-9FE9-D1C0582A3124}.Release|Any CPU.Build.0 = Release|Any CPU
		{B3DCEB66-1D0A-4779-9FE9-D1C0582A3124}.Release|x64.ActiveCfg = Release|Any CPU
		{B3DCEB66-1D0A-4779-9FE9-D1C0582A3124}.Release|x64.Build.0 = Release|Any CPU
		{B3DCEB66-1D0A-4779-9FE9-D1C0582A3124}.Release|x86.ActiveCfg = Release|Any CPU
		{B3DCEB66-1D0A-4779-9FE9-D1C0582A3124}.Release|x86.Build.0 = Release|Any CPU
		{AA4FB480-1269-48F7-A3F5-802FBB60933B}.Debug|Any CPU.ActiveCfg = Debug|Any CPU
		{AA4FB480-1269-48F7-A3F5-802FBB60933B}.Debug|Any CPU.Build.0 = Debug|Any CPU
		{AA4FB480-1269-48F7-A3F5-802FBB60933B}.Debug|x64.ActiveCfg = Debug|Any CPU
		{AA4FB480-1269-48F7-A3F5-802FBB60933B}.Debug|x64.Build.0 = Debug|Any CPU
		{AA4FB480-1269-48F7-A3F5-802FBB60933B}.Debug|x86.ActiveCfg = Debug|Any CPU
		{AA4FB480-1269-48F7-A3F5-802FBB60933B}.Debug|x86.Build.0 = Debug|Any CPU
		{AA4FB480-1269-48F7-A3F5-802FBB60933B}.Release|Any CPU.ActiveCfg = Release|Any CPU
		{AA4FB480-1269-48F7-A3F5-802FBB60933B}.Release|Any CPU.Build.0 = Release|Any CPU
		{AA4FB480-1269-48F7-A3F5-802FBB60933B}.Release|x64.ActiveCfg = Release|Any CPU
		{AA4FB480-1269-48F7-A3F5-802FBB60933B}.Release|x64.Build.0 = Release|Any CPU
		{AA4FB480-1269-48F7-A3F5-802FBB60933B}.Release|x86.ActiveCfg = Release|Any CPU
		{AA4FB480-1269-48F7-A3F5-802FBB60933B}.Release|x86.Build.0 = Release|Any CPU
		{9A4B7C0B-85DC-4D0C-AC2A-22C363D002DD}.Debug|Any CPU.ActiveCfg = Debug|Any CPU
		{9A4B7C0B-85DC-4D0C-AC2A-22C363D002DD}.Debug|Any CPU.Build.0 = Debug|Any CPU
		{9A4B7C0B-85DC-4D0C-AC2A-22C363D002DD}.Debug|x64.ActiveCfg = Debug|Any CPU
		{9A4B7C0B-85DC-4D0C-AC2A-22C363D002DD}.Debug|x64.Build.0 = Debug|Any CPU
		{9A4B7C0B-85DC-4D0C-AC2A-22C363D002DD}.Debug|x86.ActiveCfg = Debug|Any CPU
		{9A4B7C0B-85DC-4D0C-AC2A-22C363D002DD}.Debug|x86.Build.0 = Debug|Any CPU
		{9A4B7C0B-85DC-4D0C-AC2A-22C363D002DD}.Release|Any CPU.ActiveCfg = Release|Any CPU
		{9A4B7C0B-85DC-4D0C-AC2A-22C363D002DD}.Release|Any CPU.Build.0 = Release|Any CPU
		{9A4B7C0B-85DC-4D0C-AC2A-22C363D002DD}.Release|x64.ActiveCfg = Release|Any CPU
		{9A4B7C0B-85DC-4D0C-AC2A-22C363D002DD}.Release|x64.Build.0 = Release|Any CPU
		{9A4B7C0B-85DC-4D0C-AC2A-22C363D002DD}.Release|x86.ActiveCfg = Release|Any CPU
		{9A4B7C0B-85DC-4D0C-AC2A-22C363D002DD}.Release|x86.Build.0 = Release|Any CPU
		{E54679F3-2F74-4BF4-9813-0AC34022084D}.Debug|Any CPU.ActiveCfg = Debug|Any CPU
		{E54679F3-2F74-4BF4-9813-0AC34022084D}.Debug|Any CPU.Build.0 = Debug|Any CPU
		{E54679F3-2F74-4BF4-9813-0AC34022084D}.Debug|x64.ActiveCfg = Debug|Any CPU
		{E54679F3-2F74-4BF4-9813-0AC34022084D}.Debug|x64.Build.0 = Debug|Any CPU
		{E54679F3-2F74-4BF4-9813-0AC34022084D}.Debug|x86.ActiveCfg = Debug|Any CPU
		{E54679F3-2F74-4BF4-9813-0AC34022084D}.Debug|x86.Build.0 = Debug|Any CPU
		{E54679F3-2F74-4BF4-9813-0AC34022084D}.Release|Any CPU.ActiveCfg = Release|Any CPU
		{E54679F3-2F74-4BF4-9813-0AC34022084D}.Release|Any CPU.Build.0 = Release|Any CPU
		{E54679F3-2F74-4BF4-9813-0AC34022084D}.Release|x64.ActiveCfg = Release|Any CPU
		{E54679F3-2F74-4BF4-9813-0AC34022084D}.Release|x64.Build.0 = Release|Any CPU
		{E54679F3-2F74-4BF4-9813-0AC34022084D}.Release|x86.ActiveCfg = Release|Any CPU
		{E54679F3-2F74-4BF4-9813-0AC34022084D}.Release|x86.Build.0 = Release|Any CPU
		{D6EA9603-E981-4C69-A342-C05B7A0A33D3}.Debug|Any CPU.ActiveCfg = Debug|Any CPU
		{D6EA9603-E981-4C69-A342-C05B7A0A33D3}.Debug|Any CPU.Build.0 = Debug|Any CPU
		{D6EA9603-E981-4C69-A342-C05B7A0A33D3}.Debug|x64.ActiveCfg = Debug|Any CPU
		{D6EA9603-E981-4C69-A342-C05B7A0A33D3}.Debug|x64.Build.0 = Debug|Any CPU
		{D6EA9603-E981-4C69-A342-C05B7A0A33D3}.Debug|x86.ActiveCfg = Debug|Any CPU
		{D6EA9603-E981-4C69-A342-C05B7A0A33D3}.Debug|x86.Build.0 = Debug|Any CPU
		{D6EA9603-E981-4C69-A342-C05B7A0A33D3}.Release|Any CPU.ActiveCfg = Release|Any CPU
		{D6EA9603-E981-4C69-A342-C05B7A0A33D3}.Release|Any CPU.Build.0 = Release|Any CPU
		{D6EA9603-E981-4C69-A342-C05B7A0A33D3}.Release|x64.ActiveCfg = Release|Any CPU
		{D6EA9603-E981-4C69-A342-C05B7A0A33D3}.Release|x64.Build.0 = Release|Any CPU
		{D6EA9603-E981-4C69-A342-C05B7A0A33D3}.Release|x86.ActiveCfg = Release|Any CPU
		{D6EA9603-E981-4C69-A342-C05B7A0A33D3}.Release|x86.Build.0 = Release|Any CPU
	EndGlobalSection
	GlobalSection(NestedProjects) = preSolution
		{E54679F3-2F74-4BF4-9813-0AC34022084D} = {C2FAEDD8-11F3-484E-AF68-C3EB9CFCDA44}
		{D6EA9603-E981-4C69-A342-C05B7A0A33D3} = {C2FAEDD8-11F3-484E-AF68-C3EB9CFCDA44}
	EndGlobalSection
EndGlobal
