
Microsoft Visual Studio Solution File, Format Version 12.00
# Visual Studio Version 16
VisualStudioVersion = 16.6.30114.105
MinimumVisualStudioVersion = 10.0.40219.1
Project("{9A19103F-16F7-4668-BE54-9A1E7A4F7556}") = "R5T.D0096.A001", "R5T.D0096.A001\R5T.D0096.A001.csproj", "{B3DCEB66-1D0A-4779-9FE9-D1C0582A3124}"
EndProject
Project("{9A19103F-16F7-4668-BE54-9A1E7A4F7556}") = "R5T.D0096.I001", "R5T.D0096.I001\R5T.D0096.I001.csproj", "{AA4FB480-1269-48F7-A3F5-802FBB60933B}"
EndProject
Project("{9A19103F-16F7-4668-BE54-9A1E7A4F7556}") = "R5T.D0096.Base", "R5T.D0096.Base\R5T.D0096.Base.csproj", "{9A4B7C0B-85DC-4D0C-AC2A-22C363D002DD}"
EndProject
Project("{2150E333-8FDC-42A3-9474-1A3956D46DE8}") = "_Dependencies", "_Dependencies", "{C2FAEDD8-11F3-484E-AF68-C3EB9CFCDA44}"
EndProject
Project("{9A19103F-16F7-4668-BE54-9A1E7A4F7556}") = "R5T.D0096.D002.I002", "R5T.D0096.D002.I002\R5T.D0096.D002.I002.csproj", "{715F2E0B-6510-44A4-972F-B5CED8825CB8}"
EndProject
Project("{9A19103F-16F7-4668-BE54-9A1E7A4F7556}") = "R5T.D0096.D002.I003", "R5T.D0096.D002.I003\R5T.D0096.D002.I003.csproj", "{EF70C2D0-9A91-4E35-8494-E7417A6A8EF6}"
EndProject
Project("{9A19103F-16F7-4668-BE54-9A1E7A4F7556}") = "R5T.D0096.X001", "R5T.D0096.X001\R5T.D0096.X001.csproj", "{AA83E46F-CC4F-4FDF-A58F-4144B43765DA}"
EndProject
Project("{9A19103F-16F7-4668-BE54-9A1E7A4F7556}") = "R5T.D0096.D001.I002", "R5T.D0096.D001.I002\R5T.D0096.D001.I002.csproj", "{A61DC96B-2006-41E7-9EA6-7E2AEF0B78EA}"
EndProject
Project("{9A19103F-16F7-4668-BE54-9A1E7A4F7556}") = "R5T.D0081.Base", "..\..\R5T.D0081\source\R5T.D0081.Base\R5T.D0081.Base.csproj", "{D1557BC5-6CEA-425C-A346-0578C39B4610}"
EndProject
Project("{9A19103F-16F7-4668-BE54-9A1E7A4F7556}") = "R5T.Magyar", "..\..\R5T.Magyar\source\R5T.Magyar\R5T.Magyar.csproj", "{658E2E5E-C815-4DA6-BDFE-2120DE1C5664}"
EndProject
Project("{9A19103F-16F7-4668-BE54-9A1E7A4F7556}") = "R5T.T0064", "..\..\R5T.T0064\source\R5T.T0064\R5T.T0064.csproj", "{5ADB8BB0-BE77-457E-89EF-D3F96D8A07CC}"
EndProject
Project("{9A19103F-16F7-4668-BE54-9A1E7A4F7556}") = "R5T.T0062.X001", "..\..\R5T.T0062\source\R5T.T0062.X001\R5T.T0062.X001.csproj", "{18A0F88E-9648-4765-BE8C-8131530D9AAA}"
EndProject
Project("{9A19103F-16F7-4668-BE54-9A1E7A4F7556}") = "R5T.T0063", "..\..\R5T.T0063\source\R5T.T0063\R5T.T0063.csproj", "{6BEC0529-05FD-4C85-905A-75609E563F8C}"
EndProject
Project("{9A19103F-16F7-4668-BE54-9A1E7A4F7556}") = "R5T.L0013", "..\..\R5T.L0013\source\R5T.L0013\R5T.L0013.csproj", "{04E127BD-6EA6-4AB5-9E60-5574D0BDF62C}"
EndProject
Project("{9A19103F-16F7-4668-BE54-9A1E7A4F7556}") = "R5T.T0062", "..\..\R5T.T0062\source\R5T.T0062\R5T.T0062.csproj", "{A8AD3B0F-F499-4EA2-9EE9-E3EDD956CB22}"
EndProject
Project("{9A19103F-16F7-4668-BE54-9A1E7A4F7556}") = "R5T.T0039.T002", "..\..\R5T.T0039\source\R5T.T0039.T002\R5T.T0039.T002.csproj", "{AD0184F4-F242-4AA7-B655-5940D822B704}"
EndProject
Project("{9A19103F-16F7-4668-BE54-9A1E7A4F7556}") = "R5T.D0096.D001.Base", "R5T.D0096.D001.Base\R5T.D0096.D001.Base.csproj", "{89824FC1-FEAD-40CE-B196-C006C13CE57E}"
EndProject
Project("{9A19103F-16F7-4668-BE54-9A1E7A4F7556}") = "R5T.T0088.X003", "..\..\R5T.T0088\source\R5T.T0088.X003\R5T.T0088.X003.csproj", "{13B7D8A0-0D07-47E6-8073-9A350835A410}"
EndProject
Project("{9A19103F-16F7-4668-BE54-9A1E7A4F7556}") = "R5T.T0088", "..\..\R5T.T0088\source\R5T.T0088\R5T.T0088.csproj", "{2819DFD7-52E1-47AA-AE7A-9ECF91C22AF7}"
EndProject
Project("{9A19103F-16F7-4668-BE54-9A1E7A4F7556}") = "R5T.D0096.D002.Base", "R5T.D0096.D002.Base\R5T.D0096.D002.Base.csproj", "{E25C225D-5CCD-4021-9596-1025B18988D4}"
EndProject
Project("{9A19103F-16F7-4668-BE54-9A1E7A4F7556}") = "R5T.D0096.T001", "R5T.D0096.T001\R5T.D0096.T001.csproj", "{FE8AAA65-3404-4EA6-A517-5565C99602F0}"
EndProject
Project("{9A19103F-16F7-4668-BE54-9A1E7A4F7556}") = "R5T.D0096.D003.Base", "R5T.D0096.D003.Base\R5T.D0096.D003.Base.csproj", "{EAD55186-0DA8-4735-9E08-24193ED31BED}"
EndProject
Global
	GlobalSection(SolutionConfigurationPlatforms) = preSolution
		Debug|Any CPU = Debug|Any CPU
		Debug|x64 = Debug|x64
		Debug|x86 = Debug|x86
		Release|Any CPU = Release|Any CPU
		Release|x64 = Release|x64
		Release|x86 = Release|x86
	EndGlobalSection
	GlobalSection(ProjectConfigurationPlatforms) = postSolution
		{B3DCEB66-1D0A-4779-9FE9-D1C0582A3124}.Debug|Any CPU.ActiveCfg = Debug|Any CPU
		{B3DCEB66-1D0A-4779-9FE9-D1C0582A3124}.Debug|Any CPU.Build.0 = Debug|Any CPU
		{B3DCEB66-1D0A-4779-9FE9-D1C0582A3124}.Debug|x64.ActiveCfg = Debug|Any CPU
		{B3DCEB66-1D0A-4779-9FE9-D1C0582A3124}.Debug|x64.Build.0 = Debug|Any CPU
		{B3DCEB66-1D0A-4779-9FE9-D1C0582A3124}.Debug|x86.ActiveCfg = Debug|Any CPU
		{B3DCEB66-1D0A-4779-9FE9-D1C0582A3124}.Debug|x86.Build.0 = Debug|Any CPU
		{B3DCEB66-1D0A-4779-9FE9-D1C0582A3124}.Release|Any CPU.ActiveCfg = Release|Any CPU
		{B3DCEB66-1D0A-4779-9FE9-D1C0582A3124}.Release|Any CPU.Build.0 = Release|Any CPU
		{B3DCEB66-1D0A-4779-9FE9-D1C0582A3124}.Release|x64.ActiveCfg = Release|Any CPU
		{B3DCEB66-1D0A-4779-9FE9-D1C0582A3124}.Release|x64.Build.0 = Release|Any CPU
		{B3DCEB66-1D0A-4779-9FE9-D1C0582A3124}.Release|x86.ActiveCfg = Release|Any CPU
		{B3DCEB66-1D0A-4779-9FE9-D1C0582A3124}.Release|x86.Build.0 = Release|Any CPU
		{AA4FB480-1269-48F7-A3F5-802FBB60933B}.Debug|Any CPU.ActiveCfg = Debug|Any CPU
		{AA4FB480-1269-48F7-A3F5-802FBB60933B}.Debug|Any CPU.Build.0 = Debug|Any CPU
		{AA4FB480-1269-48F7-A3F5-802FBB60933B}.Debug|x64.ActiveCfg = Debug|Any CPU
		{AA4FB480-1269-48F7-A3F5-802FBB60933B}.Debug|x64.Build.0 = Debug|Any CPU
		{AA4FB480-1269-48F7-A3F5-802FBB60933B}.Debug|x86.ActiveCfg = Debug|Any CPU
		{AA4FB480-1269-48F7-A3F5-802FBB60933B}.Debug|x86.Build.0 = Debug|Any CPU
		{AA4FB480-1269-48F7-A3F5-802FBB60933B}.Release|Any CPU.ActiveCfg = Release|Any CPU
		{AA4FB480-1269-48F7-A3F5-802FBB60933B}.Release|Any CPU.Build.0 = Release|Any CPU
		{AA4FB480-1269-48F7-A3F5-802FBB60933B}.Release|x64.ActiveCfg = Release|Any CPU
		{AA4FB480-1269-48F7-A3F5-802FBB60933B}.Release|x64.Build.0 = Release|Any CPU
		{AA4FB480-1269-48F7-A3F5-802FBB60933B}.Release|x86.ActiveCfg = Release|Any CPU
		{AA4FB480-1269-48F7-A3F5-802FBB60933B}.Release|x86.Build.0 = Release|Any CPU
		{9A4B7C0B-85DC-4D0C-AC2A-22C363D002DD}.Debug|Any CPU.ActiveCfg = Debug|Any CPU
		{9A4B7C0B-85DC-4D0C-AC2A-22C363D002DD}.Debug|Any CPU.Build.0 = Debug|Any CPU
		{9A4B7C0B-85DC-4D0C-AC2A-22C363D002DD}.Debug|x64.ActiveCfg = Debug|Any CPU
		{9A4B7C0B-85DC-4D0C-AC2A-22C363D002DD}.Debug|x64.Build.0 = Debug|Any CPU
		{9A4B7C0B-85DC-4D0C-AC2A-22C363D002DD}.Debug|x86.ActiveCfg = Debug|Any CPU
		{9A4B7C0B-85DC-4D0C-AC2A-22C363D002DD}.Debug|x86.Build.0 = Debug|Any CPU
		{9A4B7C0B-85DC-4D0C-AC2A-22C363D002DD}.Release|Any CPU.ActiveCfg = Release|Any CPU
		{9A4B7C0B-85DC-4D0C-AC2A-22C363D002DD}.Release|Any CPU.Build.0 = Release|Any CPU
		{9A4B7C0B-85DC-4D0C-AC2A-22C363D002DD}.Release|x64.ActiveCfg = Release|Any CPU
		{9A4B7C0B-85DC-4D0C-AC2A-22C363D002DD}.Release|x64.Build.0 = Release|Any CPU
		{9A4B7C0B-85DC-4D0C-AC2A-22C363D002DD}.Release|x86.ActiveCfg = Release|Any CPU
		{9A4B7C0B-85DC-4D0C-AC2A-22C363D002DD}.Release|x86.Build.0 = Release|Any CPU
		{715F2E0B-6510-44A4-972F-B5CED8825CB8}.Debug|Any CPU.ActiveCfg = Debug|Any CPU
		{715F2E0B-6510-44A4-972F-B5CED8825CB8}.Debug|Any CPU.Build.0 = Debug|Any CPU
		{715F2E0B-6510-44A4-972F-B5CED8825CB8}.Debug|x64.ActiveCfg = Debug|Any CPU
		{715F2E0B-6510-44A4-972F-B5CED8825CB8}.Debug|x64.Build.0 = Debug|Any CPU
		{715F2E0B-6510-44A4-972F-B5CED8825CB8}.Debug|x86.ActiveCfg = Debug|Any CPU
		{715F2E0B-6510-44A4-972F-B5CED8825CB8}.Debug|x86.Build.0 = Debug|Any CPU
		{715F2E0B-6510-44A4-972F-B5CED8825CB8}.Release|Any CPU.ActiveCfg = Release|Any CPU
		{715F2E0B-6510-44A4-972F-B5CED8825CB8}.Release|Any CPU.Build.0 = Release|Any CPU
		{715F2E0B-6510-44A4-972F-B5CED8825CB8}.Release|x64.ActiveCfg = Release|Any CPU
		{715F2E0B-6510-44A4-972F-B5CED8825CB8}.Release|x64.Build.0 = Release|Any CPU
		{715F2E0B-6510-44A4-972F-B5CED8825CB8}.Release|x86.ActiveCfg = Release|Any CPU
		{715F2E0B-6510-44A4-972F-B5CED8825CB8}.Release|x86.Build.0 = Release|Any CPU
		{EF70C2D0-9A91-4E35-8494-E7417A6A8EF6}.Debug|Any CPU.ActiveCfg = Debug|Any CPU
		{EF70C2D0-9A91-4E35-8494-E7417A6A8EF6}.Debug|Any CPU.Build.0 = Debug|Any CPU
		{EF70C2D0-9A91-4E35-8494-E7417A6A8EF6}.Debug|x64.ActiveCfg = Debug|Any CPU
		{EF70C2D0-9A91-4E35-8494-E7417A6A8EF6}.Debug|x64.Build.0 = Debug|Any CPU
		{EF70C2D0-9A91-4E35-8494-E7417A6A8EF6}.Debug|x86.ActiveCfg = Debug|Any CPU
		{EF70C2D0-9A91-4E35-8494-E7417A6A8EF6}.Debug|x86.Build.0 = Debug|Any CPU
		{EF70C2D0-9A91-4E35-8494-E7417A6A8EF6}.Release|Any CPU.ActiveCfg = Release|Any CPU
		{EF70C2D0-9A91-4E35-8494-E7417A6A8EF6}.Release|Any CPU.Build.0 = Release|Any CPU
		{EF70C2D0-9A91-4E35-8494-E7417A6A8EF6}.Release|x64.ActiveCfg = Release|Any CPU
		{EF70C2D0-9A91-4E35-8494-E7417A6A8EF6}.Release|x64.Build.0 = Release|Any CPU
		{EF70C2D0-9A91-4E35-8494-E7417A6A8EF6}.Release|x86.ActiveCfg = Release|Any CPU
		{EF70C2D0-9A91-4E35-8494-E7417A6A8EF6}.Release|x86.Build.0 = Release|Any CPU
		{AA83E46F-CC4F-4FDF-A58F-4144B43765DA}.Debug|Any CPU.ActiveCfg = Debug|Any CPU
		{AA83E46F-CC4F-4FDF-A58F-4144B43765DA}.Debug|Any CPU.Build.0 = Debug|Any CPU
		{AA83E46F-CC4F-4FDF-A58F-4144B43765DA}.Debug|x64.ActiveCfg = Debug|Any CPU
		{AA83E46F-CC4F-4FDF-A58F-4144B43765DA}.Debug|x64.Build.0 = Debug|Any CPU
		{AA83E46F-CC4F-4FDF-A58F-4144B43765DA}.Debug|x86.ActiveCfg = Debug|Any CPU
		{AA83E46F-CC4F-4FDF-A58F-4144B43765DA}.Debug|x86.Build.0 = Debug|Any CPU
		{AA83E46F-CC4F-4FDF-A58F-4144B43765DA}.Release|Any CPU.ActiveCfg = Release|Any CPU
		{AA83E46F-CC4F-4FDF-A58F-4144B43765DA}.Release|Any CPU.Build.0 = Release|Any CPU
		{AA83E46F-CC4F-4FDF-A58F-4144B43765DA}.Release|x64.ActiveCfg = Release|Any CPU
		{AA83E46F-CC4F-4FDF-A58F-4144B43765DA}.Release|x64.Build.0 = Release|Any CPU
		{AA83E46F-CC4F-4FDF-A58F-4144B43765DA}.Release|x86.ActiveCfg = Release|Any CPU
		{AA83E46F-CC4F-4FDF-A58F-4144B43765DA}.Release|x86.Build.0 = Release|Any CPU
		{A61DC96B-2006-41E7-9EA6-7E2AEF0B78EA}.Debug|Any CPU.ActiveCfg = Debug|Any CPU
		{A61DC96B-2006-41E7-9EA6-7E2AEF0B78EA}.Debug|Any CPU.Build.0 = Debug|Any CPU
		{A61DC96B-2006-41E7-9EA6-7E2AEF0B78EA}.Debug|x64.ActiveCfg = Debug|Any CPU
		{A61DC96B-2006-41E7-9EA6-7E2AEF0B78EA}.Debug|x64.Build.0 = Debug|Any CPU
		{A61DC96B-2006-41E7-9EA6-7E2AEF0B78EA}.Debug|x86.ActiveCfg = Debug|Any CPU
		{A61DC96B-2006-41E7-9EA6-7E2AEF0B78EA}.Debug|x86.Build.0 = Debug|Any CPU
		{A61DC96B-2006-41E7-9EA6-7E2AEF0B78EA}.Release|Any CPU.ActiveCfg = Release|Any CPU
		{A61DC96B-2006-41E7-9EA6-7E2AEF0B78EA}.Release|Any CPU.Build.0 = Release|Any CPU
		{A61DC96B-2006-41E7-9EA6-7E2AEF0B78EA}.Release|x64.ActiveCfg = Release|Any CPU
		{A61DC96B-2006-41E7-9EA6-7E2AEF0B78EA}.Release|x64.Build.0 = Release|Any CPU
		{A61DC96B-2006-41E7-9EA6-7E2AEF0B78EA}.Release|x86.ActiveCfg = Release|Any CPU
		{A61DC96B-2006-41E7-9EA6-7E2AEF0B78EA}.Release|x86.Build.0 = Release|Any CPU
		{D1557BC5-6CEA-425C-A346-0578C39B4610}.Debug|Any CPU.ActiveCfg = Debug|Any CPU
		{D1557BC5-6CEA-425C-A346-0578C39B4610}.Debug|Any CPU.Build.0 = Debug|Any CPU
		{D1557BC5-6CEA-425C-A346-0578C39B4610}.Debug|x64.ActiveCfg = Debug|Any CPU
		{D1557BC5-6CEA-425C-A346-0578C39B4610}.Debug|x64.Build.0 = Debug|Any CPU
		{D1557BC5-6CEA-425C-A346-0578C39B4610}.Debug|x86.ActiveCfg = Debug|Any CPU
		{D1557BC5-6CEA-425C-A346-0578C39B4610}.Debug|x86.Build.0 = Debug|Any CPU
		{D1557BC5-6CEA-425C-A346-0578C39B4610}.Release|Any CPU.ActiveCfg = Release|Any CPU
		{D1557BC5-6CEA-425C-A346-0578C39B4610}.Release|Any CPU.Build.0 = Release|Any CPU
		{D1557BC5-6CEA-425C-A346-0578C39B4610}.Release|x64.ActiveCfg = Release|Any CPU
		{D1557BC5-6CEA-425C-A346-0578C39B4610}.Release|x64.Build.0 = Release|Any CPU
		{D1557BC5-6CEA-425C-A346-0578C39B4610}.Release|x86.ActiveCfg = Release|Any CPU
		{D1557BC5-6CEA-425C-A346-0578C39B4610}.Release|x86.Build.0 = Release|Any CPU
		{658E2E5E-C815-4DA6-BDFE-2120DE1C5664}.Debug|Any CPU.ActiveCfg = Debug|Any CPU
		{658E2E5E-C815-4DA6-BDFE-2120DE1C5664}.Debug|Any CPU.Build.0 = Debug|Any CPU
		{658E2E5E-C815-4DA6-BDFE-2120DE1C5664}.Debug|x64.ActiveCfg = Debug|Any CPU
		{658E2E5E-C815-4DA6-BDFE-2120DE1C5664}.Debug|x64.Build.0 = Debug|Any CPU
		{658E2E5E-C815-4DA6-BDFE-2120DE1C5664}.Debug|x86.ActiveCfg = Debug|Any CPU
		{658E2E5E-C815-4DA6-BDFE-2120DE1C5664}.Debug|x86.Build.0 = Debug|Any CPU
		{658E2E5E-C815-4DA6-BDFE-2120DE1C5664}.Release|Any CPU.ActiveCfg = Release|Any CPU
		{658E2E5E-C815-4DA6-BDFE-2120DE1C5664}.Release|Any CPU.Build.0 = Release|Any CPU
		{658E2E5E-C815-4DA6-BDFE-2120DE1C5664}.Release|x64.ActiveCfg = Release|Any CPU
		{658E2E5E-C815-4DA6-BDFE-2120DE1C5664}.Release|x64.Build.0 = Release|Any CPU
		{658E2E5E-C815-4DA6-BDFE-2120DE1C5664}.Release|x86.ActiveCfg = Release|Any CPU
		{658E2E5E-C815-4DA6-BDFE-2120DE1C5664}.Release|x86.Build.0 = Release|Any CPU
		{5ADB8BB0-BE77-457E-89EF-D3F96D8A07CC}.Debug|Any CPU.ActiveCfg = Debug|Any CPU
		{5ADB8BB0-BE77-457E-89EF-D3F96D8A07CC}.Debug|Any CPU.Build.0 = Debug|Any CPU
		{5ADB8BB0-BE77-457E-89EF-D3F96D8A07CC}.Debug|x64.ActiveCfg = Debug|Any CPU
		{5ADB8BB0-BE77-457E-89EF-D3F96D8A07CC}.Debug|x64.Build.0 = Debug|Any CPU
		{5ADB8BB0-BE77-457E-89EF-D3F96D8A07CC}.Debug|x86.ActiveCfg = Debug|Any CPU
		{5ADB8BB0-BE77-457E-89EF-D3F96D8A07CC}.Debug|x86.Build.0 = Debug|Any CPU
		{5ADB8BB0-BE77-457E-89EF-D3F96D8A07CC}.Release|Any CPU.ActiveCfg = Release|Any CPU
		{5ADB8BB0-BE77-457E-89EF-D3F96D8A07CC}.Release|Any CPU.Build.0 = Release|Any CPU
		{5ADB8BB0-BE77-457E-89EF-D3F96D8A07CC}.Release|x64.ActiveCfg = Release|Any CPU
		{5ADB8BB0-BE77-457E-89EF-D3F96D8A07CC}.Release|x64.Build.0 = Release|Any CPU
		{5ADB8BB0-BE77-457E-89EF-D3F96D8A07CC}.Release|x86.ActiveCfg = Release|Any CPU
		{5ADB8BB0-BE77-457E-89EF-D3F96D8A07CC}.Release|x86.Build.0 = Release|Any CPU
		{18A0F88E-9648-4765-BE8C-8131530D9AAA}.Debug|Any CPU.ActiveCfg = Debug|Any CPU
		{18A0F88E-9648-4765-BE8C-8131530D9AAA}.Debug|Any CPU.Build.0 = Debug|Any CPU
		{18A0F88E-9648-4765-BE8C-8131530D9AAA}.Debug|x64.ActiveCfg = Debug|Any CPU
		{18A0F88E-9648-4765-BE8C-8131530D9AAA}.Debug|x64.Build.0 = Debug|Any CPU
		{18A0F88E-9648-4765-BE8C-8131530D9AAA}.Debug|x86.ActiveCfg = Debug|Any CPU
		{18A0F88E-9648-4765-BE8C-8131530D9AAA}.Debug|x86.Build.0 = Debug|Any CPU
		{18A0F88E-9648-4765-BE8C-8131530D9AAA}.Release|Any CPU.ActiveCfg = Release|Any CPU
		{18A0F88E-9648-4765-BE8C-8131530D9AAA}.Release|Any CPU.Build.0 = Release|Any CPU
		{18A0F88E-9648-4765-BE8C-8131530D9AAA}.Release|x64.ActiveCfg = Release|Any CPU
		{18A0F88E-9648-4765-BE8C-8131530D9AAA}.Release|x64.Build.0 = Release|Any CPU
		{18A0F88E-9648-4765-BE8C-8131530D9AAA}.Release|x86.ActiveCfg = Release|Any CPU
		{18A0F88E-9648-4765-BE8C-8131530D9AAA}.Release|x86.Build.0 = Release|Any CPU
		{6BEC0529-05FD-4C85-905A-75609E563F8C}.Debug|Any CPU.ActiveCfg = Debug|Any CPU
		{6BEC0529-05FD-4C85-905A-75609E563F8C}.Debug|Any CPU.Build.0 = Debug|Any CPU
		{6BEC0529-05FD-4C85-905A-75609E563F8C}.Debug|x64.ActiveCfg = Debug|Any CPU
		{6BEC0529-05FD-4C85-905A-75609E563F8C}.Debug|x64.Build.0 = Debug|Any CPU
		{6BEC0529-05FD-4C85-905A-75609E563F8C}.Debug|x86.ActiveCfg = Debug|Any CPU
		{6BEC0529-05FD-4C85-905A-75609E563F8C}.Debug|x86.Build.0 = Debug|Any CPU
		{6BEC0529-05FD-4C85-905A-75609E563F8C}.Release|Any CPU.ActiveCfg = Release|Any CPU
		{6BEC0529-05FD-4C85-905A-75609E563F8C}.Release|Any CPU.Build.0 = Release|Any CPU
		{6BEC0529-05FD-4C85-905A-75609E563F8C}.Release|x64.ActiveCfg = Release|Any CPU
		{6BEC0529-05FD-4C85-905A-75609E563F8C}.Release|x64.Build.0 = Release|Any CPU
		{6BEC0529-05FD-4C85-905A-75609E563F8C}.Release|x86.ActiveCfg = Release|Any CPU
		{6BEC0529-05FD-4C85-905A-75609E563F8C}.Release|x86.Build.0 = Release|Any CPU
		{04E127BD-6EA6-4AB5-9E60-5574D0BDF62C}.Debug|Any CPU.ActiveCfg = Debug|Any CPU
		{04E127BD-6EA6-4AB5-9E60-5574D0BDF62C}.Debug|Any CPU.Build.0 = Debug|Any CPU
		{04E127BD-6EA6-4AB5-9E60-5574D0BDF62C}.Debug|x64.ActiveCfg = Debug|Any CPU
		{04E127BD-6EA6-4AB5-9E60-5574D0BDF62C}.Debug|x64.Build.0 = Debug|Any CPU
		{04E127BD-6EA6-4AB5-9E60-5574D0BDF62C}.Debug|x86.ActiveCfg = Debug|Any CPU
		{04E127BD-6EA6-4AB5-9E60-5574D0BDF62C}.Debug|x86.Build.0 = Debug|Any CPU
		{04E127BD-6EA6-4AB5-9E60-5574D0BDF62C}.Release|Any CPU.ActiveCfg = Release|Any CPU
		{04E127BD-6EA6-4AB5-9E60-5574D0BDF62C}.Release|Any CPU.Build.0 = Release|Any CPU
		{04E127BD-6EA6-4AB5-9E60-5574D0BDF62C}.Release|x64.ActiveCfg = Release|Any CPU
		{04E127BD-6EA6-4AB5-9E60-5574D0BDF62C}.Release|x64.Build.0 = Release|Any CPU
		{04E127BD-6EA6-4AB5-9E60-5574D0BDF62C}.Release|x86.ActiveCfg = Release|Any CPU
		{04E127BD-6EA6-4AB5-9E60-5574D0BDF62C}.Release|x86.Build.0 = Release|Any CPU
		{A8AD3B0F-F499-4EA2-9EE9-E3EDD956CB22}.Debug|Any CPU.ActiveCfg = Debug|Any CPU
		{A8AD3B0F-F499-4EA2-9EE9-E3EDD956CB22}.Debug|Any CPU.Build.0 = Debug|Any CPU
		{A8AD3B0F-F499-4EA2-9EE9-E3EDD956CB22}.Debug|x64.ActiveCfg = Debug|Any CPU
		{A8AD3B0F-F499-4EA2-9EE9-E3EDD956CB22}.Debug|x64.Build.0 = Debug|Any CPU
		{A8AD3B0F-F499-4EA2-9EE9-E3EDD956CB22}.Debug|x86.ActiveCfg = Debug|Any CPU
		{A8AD3B0F-F499-4EA2-9EE9-E3EDD956CB22}.Debug|x86.Build.0 = Debug|Any CPU
		{A8AD3B0F-F499-4EA2-9EE9-E3EDD956CB22}.Release|Any CPU.ActiveCfg = Release|Any CPU
		{A8AD3B0F-F499-4EA2-9EE9-E3EDD956CB22}.Release|Any CPU.Build.0 = Release|Any CPU
		{A8AD3B0F-F499-4EA2-9EE9-E3EDD956CB22}.Release|x64.ActiveCfg = Release|Any CPU
		{A8AD3B0F-F499-4EA2-9EE9-E3EDD956CB22}.Release|x64.Build.0 = Release|Any CPU
		{A8AD3B0F-F499-4EA2-9EE9-E3EDD956CB22}.Release|x86.ActiveCfg = Release|Any CPU
		{A8AD3B0F-F499-4EA2-9EE9-E3EDD956CB22}.Release|x86.Build.0 = Release|Any CPU
		{AD0184F4-F242-4AA7-B655-5940D822B704}.Debug|Any CPU.ActiveCfg = Debug|Any CPU
		{AD0184F4-F242-4AA7-B655-5940D822B704}.Debug|Any CPU.Build.0 = Debug|Any CPU
		{AD0184F4-F242-4AA7-B655-5940D822B704}.Debug|x64.ActiveCfg = Debug|Any CPU
		{AD0184F4-F242-4AA7-B655-5940D822B704}.Debug|x64.Build.0 = Debug|Any CPU
		{AD0184F4-F242-4AA7-B655-5940D822B704}.Debug|x86.ActiveCfg = Debug|Any CPU
		{AD0184F4-F242-4AA7-B655-5940D822B704}.Debug|x86.Build.0 = Debug|Any CPU
		{AD0184F4-F242-4AA7-B655-5940D822B704}.Release|Any CPU.ActiveCfg = Release|Any CPU
		{AD0184F4-F242-4AA7-B655-5940D822B704}.Release|Any CPU.Build.0 = Release|Any CPU
		{AD0184F4-F242-4AA7-B655-5940D822B704}.Release|x64.ActiveCfg = Release|Any CPU
		{AD0184F4-F242-4AA7-B655-5940D822B704}.Release|x64.Build.0 = Release|Any CPU
		{AD0184F4-F242-4AA7-B655-5940D822B704}.Release|x86.ActiveCfg = Release|Any CPU
		{AD0184F4-F242-4AA7-B655-5940D822B704}.Release|x86.Build.0 = Release|Any CPU
		{89824FC1-FEAD-40CE-B196-C006C13CE57E}.Debug|Any CPU.ActiveCfg = Debug|Any CPU
		{89824FC1-FEAD-40CE-B196-C006C13CE57E}.Debug|Any CPU.Build.0 = Debug|Any CPU
		{89824FC1-FEAD-40CE-B196-C006C13CE57E}.Debug|x64.ActiveCfg = Debug|Any CPU
		{89824FC1-FEAD-40CE-B196-C006C13CE57E}.Debug|x64.Build.0 = Debug|Any CPU
		{89824FC1-FEAD-40CE-B196-C006C13CE57E}.Debug|x86.ActiveCfg = Debug|Any CPU
		{89824FC1-FEAD-40CE-B196-C006C13CE57E}.Debug|x86.Build.0 = Debug|Any CPU
		{89824FC1-FEAD-40CE-B196-C006C13CE57E}.Release|Any CPU.ActiveCfg = Release|Any CPU
		{89824FC1-FEAD-40CE-B196-C006C13CE57E}.Release|Any CPU.Build.0 = Release|Any CPU
		{89824FC1-FEAD-40CE-B196-C006C13CE57E}.Release|x64.ActiveCfg = Release|Any CPU
		{89824FC1-FEAD-40CE-B196-C006C13CE57E}.Release|x64.Build.0 = Release|Any CPU
		{89824FC1-FEAD-40CE-B196-C006C13CE57E}.Release|x86.ActiveCfg = Release|Any CPU
		{89824FC1-FEAD-40CE-B196-C006C13CE57E}.Release|x86.Build.0 = Release|Any CPU
		{13B7D8A0-0D07-47E6-8073-9A350835A410}.Debug|Any CPU.ActiveCfg = Debug|Any CPU
		{13B7D8A0-0D07-47E6-8073-9A350835A410}.Debug|Any CPU.Build.0 = Debug|Any CPU
		{13B7D8A0-0D07-47E6-8073-9A350835A410}.Debug|x64.ActiveCfg = Debug|Any CPU
		{13B7D8A0-0D07-47E6-8073-9A350835A410}.Debug|x64.Build.0 = Debug|Any CPU
		{13B7D8A0-0D07-47E6-8073-9A350835A410}.Debug|x86.ActiveCfg = Debug|Any CPU
		{13B7D8A0-0D07-47E6-8073-9A350835A410}.Debug|x86.Build.0 = Debug|Any CPU
		{13B7D8A0-0D07-47E6-8073-9A350835A410}.Release|Any CPU.ActiveCfg = Release|Any CPU
		{13B7D8A0-0D07-47E6-8073-9A350835A410}.Release|Any CPU.Build.0 = Release|Any CPU
		{13B7D8A0-0D07-47E6-8073-9A350835A410}.Release|x64.ActiveCfg = Release|Any CPU
		{13B7D8A0-0D07-47E6-8073-9A350835A410}.Release|x64.Build.0 = Release|Any CPU
		{13B7D8A0-0D07-47E6-8073-9A350835A410}.Release|x86.ActiveCfg = Release|Any CPU
		{13B7D8A0-0D07-47E6-8073-9A350835A410}.Release|x86.Build.0 = Release|Any CPU
		{2819DFD7-52E1-47AA-AE7A-9ECF91C22AF7}.Debug|Any CPU.ActiveCfg = Debug|Any CPU
		{2819DFD7-52E1-47AA-AE7A-9ECF91C22AF7}.Debug|Any CPU.Build.0 = Debug|Any CPU
		{2819DFD7-52E1-47AA-AE7A-9ECF91C22AF7}.Debug|x64.ActiveCfg = Debug|Any CPU
		{2819DFD7-52E1-47AA-AE7A-9ECF91C22AF7}.Debug|x64.Build.0 = Debug|Any CPU
		{2819DFD7-52E1-47AA-AE7A-9ECF91C22AF7}.Debug|x86.ActiveCfg = Debug|Any CPU
		{2819DFD7-52E1-47AA-AE7A-9ECF91C22AF7}.Debug|x86.Build.0 = Debug|Any CPU
		{2819DFD7-52E1-47AA-AE7A-9ECF91C22AF7}.Release|Any CPU.ActiveCfg = Release|Any CPU
		{2819DFD7-52E1-47AA-AE7A-9ECF91C22AF7}.Release|Any CPU.Build.0 = Release|Any CPU
		{2819DFD7-52E1-47AA-AE7A-9ECF91C22AF7}.Release|x64.ActiveCfg = Release|Any CPU
		{2819DFD7-52E1-47AA-AE7A-9ECF91C22AF7}.Release|x64.Build.0 = Release|Any CPU
		{2819DFD7-52E1-47AA-AE7A-9ECF91C22AF7}.Release|x86.ActiveCfg = Release|Any CPU
		{2819DFD7-52E1-47AA-AE7A-9ECF91C22AF7}.Release|x86.Build.0 = Release|Any CPU
		{E25C225D-5CCD-4021-9596-1025B18988D4}.Debug|Any CPU.ActiveCfg = Debug|Any CPU
		{E25C225D-5CCD-4021-9596-1025B18988D4}.Debug|Any CPU.Build.0 = Debug|Any CPU
		{E25C225D-5CCD-4021-9596-1025B18988D4}.Debug|x64.ActiveCfg = Debug|Any CPU
		{E25C225D-5CCD-4021-9596-1025B18988D4}.Debug|x64.Build.0 = Debug|Any CPU
		{E25C225D-5CCD-4021-9596-1025B18988D4}.Debug|x86.ActiveCfg = Debug|Any CPU
		{E25C225D-5CCD-4021-9596-1025B18988D4}.Debug|x86.Build.0 = Debug|Any CPU
		{E25C225D-5CCD-4021-9596-1025B18988D4}.Release|Any CPU.ActiveCfg = Release|Any CPU
		{E25C225D-5CCD-4021-9596-1025B18988D4}.Release|Any CPU.Build.0 = Release|Any CPU
		{E25C225D-5CCD-4021-9596-1025B18988D4}.Release|x64.ActiveCfg = Release|Any CPU
		{E25C225D-5CCD-4021-9596-1025B18988D4}.Release|x64.Build.0 = Release|Any CPU
		{E25C225D-5CCD-4021-9596-1025B18988D4}.Release|x86.ActiveCfg = Release|Any CPU
		{E25C225D-5CCD-4021-9596-1025B18988D4}.Release|x86.Build.0 = Release|Any CPU
		{FE8AAA65-3404-4EA6-A517-5565C99602F0}.Debug|Any CPU.ActiveCfg = Debug|Any CPU
		{FE8AAA65-3404-4EA6-A517-5565C99602F0}.Debug|Any CPU.Build.0 = Debug|Any CPU
		{FE8AAA65-3404-4EA6-A517-5565C99602F0}.Debug|x64.ActiveCfg = Debug|Any CPU
		{FE8AAA65-3404-4EA6-A517-5565C99602F0}.Debug|x64.Build.0 = Debug|Any CPU
		{FE8AAA65-3404-4EA6-A517-5565C99602F0}.Debug|x86.ActiveCfg = Debug|Any CPU
		{FE8AAA65-3404-4EA6-A517-5565C99602F0}.Debug|x86.Build.0 = Debug|Any CPU
		{FE8AAA65-3404-4EA6-A517-5565C99602F0}.Release|Any CPU.ActiveCfg = Release|Any CPU
		{FE8AAA65-3404-4EA6-A517-5565C99602F0}.Release|Any CPU.Build.0 = Release|Any CPU
		{FE8AAA65-3404-4EA6-A517-5565C99602F0}.Release|x64.ActiveCfg = Release|Any CPU
		{FE8AAA65-3404-4EA6-A517-5565C99602F0}.Release|x64.Build.0 = Release|Any CPU
		{FE8AAA65-3404-4EA6-A517-5565C99602F0}.Release|x86.ActiveCfg = Release|Any CPU
		{FE8AAA65-3404-4EA6-A517-5565C99602F0}.Release|x86.Build.0 = Release|Any CPU
		{EAD55186-0DA8-4735-9E08-24193ED31BED}.Debug|Any CPU.ActiveCfg = Debug|Any CPU
		{EAD55186-0DA8-4735-9E08-24193ED31BED}.Debug|Any CPU.Build.0 = Debug|Any CPU
		{EAD55186-0DA8-4735-9E08-24193ED31BED}.Debug|x64.ActiveCfg = Debug|Any CPU
		{EAD55186-0DA8-4735-9E08-24193ED31BED}.Debug|x64.Build.0 = Debug|Any CPU
		{EAD55186-0DA8-4735-9E08-24193ED31BED}.Debug|x86.ActiveCfg = Debug|Any CPU
		{EAD55186-0DA8-4735-9E08-24193ED31BED}.Debug|x86.Build.0 = Debug|Any CPU
		{EAD55186-0DA8-4735-9E08-24193ED31BED}.Release|Any CPU.ActiveCfg = Release|Any CPU
		{EAD55186-0DA8-4735-9E08-24193ED31BED}.Release|Any CPU.Build.0 = Release|Any CPU
		{EAD55186-0DA8-4735-9E08-24193ED31BED}.Release|x64.ActiveCfg = Release|Any CPU
		{EAD55186-0DA8-4735-9E08-24193ED31BED}.Release|x64.Build.0 = Release|Any CPU
		{EAD55186-0DA8-4735-9E08-24193ED31BED}.Release|x86.ActiveCfg = Release|Any CPU
		{EAD55186-0DA8-4735-9E08-24193ED31BED}.Release|x86.Build.0 = Release|Any CPU
	EndGlobalSection
	GlobalSection(SolutionProperties) = preSolution
		HideSolutionNode = FALSE
	EndGlobalSection
	GlobalSection(NestedProjects) = preSolution
		{D1557BC5-6CEA-425C-A346-0578C39B4610} = {C2FAEDD8-11F3-484E-AF68-C3EB9CFCDA44}
		{658E2E5E-C815-4DA6-BDFE-2120DE1C5664} = {C2FAEDD8-11F3-484E-AF68-C3EB9CFCDA44}
		{5ADB8BB0-BE77-457E-89EF-D3F96D8A07CC} = {C2FAEDD8-11F3-484E-AF68-C3EB9CFCDA44}
		{18A0F88E-9648-4765-BE8C-8131530D9AAA} = {C2FAEDD8-11F3-484E-AF68-C3EB9CFCDA44}
		{6BEC0529-05FD-4C85-905A-75609E563F8C} = {C2FAEDD8-11F3-484E-AF68-C3EB9CFCDA44}
		{04E127BD-6EA6-4AB5-9E60-5574D0BDF62C} = {C2FAEDD8-11F3-484E-AF68-C3EB9CFCDA44}
		{A8AD3B0F-F499-4EA2-9EE9-E3EDD956CB22} = {C2FAEDD8-11F3-484E-AF68-C3EB9CFCDA44}
		{AD0184F4-F242-4AA7-B655-5940D822B704} = {C2FAEDD8-11F3-484E-AF68-C3EB9CFCDA44}
		{89824FC1-FEAD-40CE-B196-C006C13CE57E} = {C2FAEDD8-11F3-484E-AF68-C3EB9CFCDA44}
		{13B7D8A0-0D07-47E6-8073-9A350835A410} = {C2FAEDD8-11F3-484E-AF68-C3EB9CFCDA44}
		{2819DFD7-52E1-47AA-AE7A-9ECF91C22AF7} = {C2FAEDD8-11F3-484E-AF68-C3EB9CFCDA44}
		{E25C225D-5CCD-4021-9596-1025B18988D4} = {C2FAEDD8-11F3-484E-AF68-C3EB9CFCDA44}
		{FE8AAA65-3404-4EA6-A517-5565C99602F0} = {C2FAEDD8-11F3-484E-AF68-C3EB9CFCDA44}
		{EAD55186-0DA8-4735-9E08-24193ED31BED} = {C2FAEDD8-11F3-484E-AF68-C3EB9CFCDA44}
	EndGlobalSection
	GlobalSection(ExtensibilityGlobals) = postSolution
		SolutionGuid = {61C73256-E9EE-4438-B1F8-8AC53B4093AA}
	EndGlobalSection
EndGlobal
